// !$*UTF8*$!
{
	archiveVersion = 1;
	classes = {
	};
	objectVersion = 51;
	objects = {

/* Begin PBXBuildFile section */
		4388645EF428562D91404CB5 /* Pods_widgetExtension.framework in Frameworks */ = {isa = PBXBuildFile; fileRef = 08D57F7D1876EE1E5BB2A5A3 /* Pods_widgetExtension.framework */; };
		FA53B41AD618ABB457233F61 /* Pods_schema.framework in Frameworks */ = {isa = PBXBuildFile; fileRef = 9292AC049C34B6B3A7994727 /* Pods_schema.framework */; };
		FF001F0C251A6C8B0006FA84 /* Profile.swift in Sources */ = {isa = PBXBuildFile; fileRef = FF001F0B251A6C8B0006FA84 /* Profile.swift */; };
		FF0020E0251A98210006FA84 /* WidgetKit.framework in Frameworks */ = {isa = PBXBuildFile; fileRef = FF9C80DB2515419300E2F702 /* WidgetKit.framework */; };
		FF0020E1251A98210006FA84 /* SwiftUI.framework in Frameworks */ = {isa = PBXBuildFile; fileRef = FF9C80DD2515419300E2F702 /* SwiftUI.framework */; };
		FF0020E4251A98210006FA84 /* widget.swift in Sources */ = {isa = PBXBuildFile; fileRef = FF0020E3251A98210006FA84 /* widget.swift */; };
		FF0020E7251A98210006FA84 /* Assets.xcassets in Resources */ = {isa = PBXBuildFile; fileRef = FF0020E6251A98210006FA84 /* Assets.xcassets */; };
		FF0020E9251A98210006FA84 /* widget.intentdefinition in Sources */ = {isa = PBXBuildFile; fileRef = FF0020E5251A98210006FA84 /* widget.intentdefinition */; };
		FF0020EA251A98210006FA84 /* widget.intentdefinition in Sources */ = {isa = PBXBuildFile; fileRef = FF0020E5251A98210006FA84 /* widget.intentdefinition */; };
		FF0020ED251A98210006FA84 /* widgetExtension.appex in Embed App Extensions */ = {isa = PBXBuildFile; fileRef = FF0020DF251A98210006FA84 /* widgetExtension.appex */; settings = {ATTRIBUTES = (RemoveHeadersOnCopy, ); }; };
		FF0020F2251A98210006FA84 /* DateExtensions.swift in Sources */ = {isa = PBXBuildFile; fileRef = FF78753A251532DD00566359 /* DateExtensions.swift */; };
		FF0020F3251A98210006FA84 /* DomainList.swift in Sources */ = {isa = PBXBuildFile; fileRef = FF5F81F0250557290014A17A /* DomainList.swift */; };
		FF0020F4251A98210006FA84 /* UserDefault.swift in Sources */ = {isa = PBXBuildFile; fileRef = FF2035ED250AA96A00A4D6FE /* UserDefault.swift */; };
		FF0020F5251A98210006FA84 /* Profile.swift in Sources */ = {isa = PBXBuildFile; fileRef = FF001F0B251A6C8B0006FA84 /* Profile.swift */; };
		FF0020F6251A98210006FA84 /* UserDefaultKeys.swift in Sources */ = {isa = PBXBuildFile; fileRef = FF2035EF250AAB9700A4D6FE /* UserDefaultKeys.swift */; };
		FF0020F7251A98210006FA84 /* FetchError.swift in Sources */ = {isa = PBXBuildFile; fileRef = FFF13A3224C8CD26008F5CCD /* FetchError.swift */; };
		FF0020F8251A98210006FA84 /* UserSettings.swift in Sources */ = {isa = PBXBuildFile; fileRef = FF2035F1250AADA400A4D6FE /* UserSettings.swift */; };
		FF0020F9251A98210006FA84 /* Skola24Wrapper.swift in Sources */ = {isa = PBXBuildFile; fileRef = FF5718CB24BA923800B72D62 /* Skola24Wrapper.swift */; };
		FF0020FA251A98210006FA84 /* ColorExtensions.swift in Sources */ = {isa = PBXBuildFile; fileRef = FF787558251533D300566359 /* ColorExtensions.swift */; };
		FF0020FC251A98210006FA84 /* TodayController.swift in Sources */ = {isa = PBXBuildFile; fileRef = FFA17EE824BBB4C300C383E5 /* TodayController.swift */; };
		FF0020FD251A98210006FA84 /* ProfileController.swift in Sources */ = {isa = PBXBuildFile; fileRef = FF9C81572515771600E2F702 /* ProfileController.swift */; };
		FF2035EE250AA96A00A4D6FE /* UserDefault.swift in Sources */ = {isa = PBXBuildFile; fileRef = FF2035ED250AA96A00A4D6FE /* UserDefault.swift */; };
		FF2035F0250AAB9700A4D6FE /* UserDefaultKeys.swift in Sources */ = {isa = PBXBuildFile; fileRef = FF2035EF250AAB9700A4D6FE /* UserDefaultKeys.swift */; };
		FF2035F2250AADA400A4D6FE /* UserSettings.swift in Sources */ = {isa = PBXBuildFile; fileRef = FF2035F1250AADA400A4D6FE /* UserSettings.swift */; };
		FF2035F4250AB04500A4D6FE /* SettingsView.swift in Sources */ = {isa = PBXBuildFile; fileRef = FF2035F3250AB04500A4D6FE /* SettingsView.swift */; };
		FF448EBA23EBF66A00408A45 /* NewProfileFlowView.swift in Sources */ = {isa = PBXBuildFile; fileRef = FF448EB923EBF66A00408A45 /* NewProfileFlowView.swift */; };
		FF448EBC24BF4B7600408A45 /* SchemaView.swift in Sources */ = {isa = PBXBuildFile; fileRef = FF448EBB24BF4B7600408A45 /* SchemaView.swift */; };
		FF5718CC24BA923800B72D62 /* Skola24Wrapper.swift in Sources */ = {isa = PBXBuildFile; fileRef = FF5718CB24BA923800B72D62 /* Skola24Wrapper.swift */; };
		FF5B002B24ECF7B700E2805F /* GoogleService-Info.plist in Resources */ = {isa = PBXBuildFile; fileRef = FF5B002A24ECF7B700E2805F /* GoogleService-Info.plist */; };
		FF5F81EF250555DA0014A17A /* ViewMisc.swift in Sources */ = {isa = PBXBuildFile; fileRef = FF5F81EE250555DA0014A17A /* ViewMisc.swift */; };
		FF5F81F1250557290014A17A /* DomainList.swift in Sources */ = {isa = PBXBuildFile; fileRef = FF5F81F0250557290014A17A /* DomainList.swift */; };
		FF78746425152DF300566359 /* TodayCardView.swift in Sources */ = {isa = PBXBuildFile; fileRef = FF78746325152DF300566359 /* TodayCardView.swift */; };
		FF78753B251532DD00566359 /* DateExtensions.swift in Sources */ = {isa = PBXBuildFile; fileRef = FF78753A251532DD00566359 /* DateExtensions.swift */; };
		FF787559251533D300566359 /* ColorExtensions.swift in Sources */ = {isa = PBXBuildFile; fileRef = FF787558251533D300566359 /* ColorExtensions.swift */; };
		FF7934CD24BA59A600AACE0A /* AppDelegate.swift in Sources */ = {isa = PBXBuildFile; fileRef = FF7934CC24BA59A600AACE0A /* AppDelegate.swift */; };
		FF7934CF24BA59A600AACE0A /* SceneDelegate.swift in Sources */ = {isa = PBXBuildFile; fileRef = FF7934CE24BA59A600AACE0A /* SceneDelegate.swift */; };
		FF7934D224BA59A600AACE0A /* schema.xcdatamodeld in Sources */ = {isa = PBXBuildFile; fileRef = FF7934D024BA59A600AACE0A /* schema.xcdatamodeld */; };
		FF7934D424BA59A600AACE0A /* ContentView.swift in Sources */ = {isa = PBXBuildFile; fileRef = FF7934D324BA59A600AACE0A /* ContentView.swift */; };
		FF7934D624BA59AC00AACE0A /* Assets.xcassets in Resources */ = {isa = PBXBuildFile; fileRef = FF7934D524BA59AC00AACE0A /* Assets.xcassets */; };
		FF7934D924BA59AC00AACE0A /* Preview Assets.xcassets in Resources */ = {isa = PBXBuildFile; fileRef = FF7934D824BA59AC00AACE0A /* Preview Assets.xcassets */; };
		FF7934DC24BA59AC00AACE0A /* LaunchScreen.storyboard in Resources */ = {isa = PBXBuildFile; fileRef = FF7934DA24BA59AC00AACE0A /* LaunchScreen.storyboard */; };
		FFA17EE924BBB4C300C383E5 /* TodayController.swift in Sources */ = {isa = PBXBuildFile; fileRef = FFA17EE824BBB4C300C383E5 /* TodayController.swift */; };
		FFBCB5F0251DC0A100AC1A28 /* TodayCardView.swift in Sources */ = {isa = PBXBuildFile; fileRef = FF78746325152DF300566359 /* TodayCardView.swift */; };
		FFBCB637251E418A00AC1A28 /* NotificationController.swift in Sources */ = {isa = PBXBuildFile; fileRef = FFBCB636251E418A00AC1A28 /* NotificationController.swift */; };
		FFBCB63B251E534A00AC1A28 /* Notification.swift in Sources */ = {isa = PBXBuildFile; fileRef = FFBCB63A251E534A00AC1A28 /* Notification.swift */; };
		FFBCB63D251F99A300AC1A28 /* Notification.swift in Sources */ = {isa = PBXBuildFile; fileRef = FFBCB63A251E534A00AC1A28 /* Notification.swift */; };
		FFBCB642251F9A5700AC1A28 /* PersistentRealmStack.swift in Sources */ = {isa = PBXBuildFile; fileRef = FFBCB641251F9A5700AC1A28 /* PersistentRealmStack.swift */; };
		FFBCB646251F9A8100AC1A28 /* PersistentRealmStack.swift in Sources */ = {isa = PBXBuildFile; fileRef = FFBCB641251F9A5700AC1A28 /* PersistentRealmStack.swift */; };
		FFBCB649251F9ACF00AC1A28 /* NotificationController.swift in Sources */ = {isa = PBXBuildFile; fileRef = FFBCB636251E418A00AC1A28 /* NotificationController.swift */; };
		FFF13A2D24C597ED008F5CCD /* ProfileManagerView.swift in Sources */ = {isa = PBXBuildFile; fileRef = FFF13A2C24C597ED008F5CCD /* ProfileManagerView.swift */; };
		FFF13A3124C59AAB008F5CCD /* WeekController.swift in Sources */ = {isa = PBXBuildFile; fileRef = FFF13A3024C59AAB008F5CCD /* WeekController.swift */; };
		FFF13A3324C8CD26008F5CCD /* FetchError.swift in Sources */ = {isa = PBXBuildFile; fileRef = FFF13A3224C8CD26008F5CCD /* FetchError.swift */; };
		FFFFF9DA251920B0000E5D3D /* ProfileController.swift in Sources */ = {isa = PBXBuildFile; fileRef = FF9C81572515771600E2F702 /* ProfileController.swift */; };
/* End PBXBuildFile section */

/* Begin PBXContainerItemProxy section */
		FF0020EB251A98210006FA84 /* PBXContainerItemProxy */ = {
			isa = PBXContainerItemProxy;
			containerPortal = FF7934C124BA59A600AACE0A /* Project object */;
			proxyType = 1;
			remoteGlobalIDString = FF0020DE251A98210006FA84;
			remoteInfo = widgetExtension;
		};
/* End PBXContainerItemProxy section */

/* Begin PBXCopyFilesBuildPhase section */
		FF78738A2515278D00566359 /* Embed Watch Content */ = {
			isa = PBXCopyFilesBuildPhase;
			buildActionMask = 2147483647;
			dstPath = "$(CONTENTS_FOLDER_PATH)/Watch";
			dstSubfolderSpec = 16;
			files = (
			);
			name = "Embed Watch Content";
			runOnlyForDeploymentPostprocessing = 0;
		};
		FF9C80EB2515419500E2F702 /* Embed App Extensions */ = {
			isa = PBXCopyFilesBuildPhase;
			buildActionMask = 2147483647;
			dstPath = "";
			dstSubfolderSpec = 13;
			files = (
				FF0020ED251A98210006FA84 /* widgetExtension.appex in Embed App Extensions */,
			);
			name = "Embed App Extensions";
			runOnlyForDeploymentPostprocessing = 0;
		};
		FFFFF9CC25192021000E5D3D /* Embed Frameworks */ = {
			isa = PBXCopyFilesBuildPhase;
			buildActionMask = 2147483647;
			dstPath = "";
			dstSubfolderSpec = 10;
			files = (
			);
			name = "Embed Frameworks";
			runOnlyForDeploymentPostprocessing = 0;
		};
/* End PBXCopyFilesBuildPhase section */

/* Begin PBXFileReference section */
		08D57F7D1876EE1E5BB2A5A3 /* Pods_widgetExtension.framework */ = {isa = PBXFileReference; explicitFileType = wrapper.framework; includeInIndex = 0; path = Pods_widgetExtension.framework; sourceTree = BUILT_PRODUCTS_DIR; };
		0B2CDFE62826B9218A726E4E /* Pods-watch Extension.debug.xcconfig */ = {isa = PBXFileReference; includeInIndex = 1; lastKnownFileType = text.xcconfig; name = "Pods-watch Extension.debug.xcconfig"; path = "Target Support Files/Pods-watch Extension/Pods-watch Extension.debug.xcconfig"; sourceTree = "<group>"; };
		241FEA4384DBDF8FE700778E /* Pods-watch.debug.xcconfig */ = {isa = PBXFileReference; includeInIndex = 1; lastKnownFileType = text.xcconfig; name = "Pods-watch.debug.xcconfig"; path = "Target Support Files/Pods-watch/Pods-watch.debug.xcconfig"; sourceTree = "<group>"; };
		282FF19043FD5B3F57DEF4A5 /* Pods-schema.debug.xcconfig */ = {isa = PBXFileReference; includeInIndex = 1; lastKnownFileType = text.xcconfig; name = "Pods-schema.debug.xcconfig"; path = "Target Support Files/Pods-schema/Pods-schema.debug.xcconfig"; sourceTree = "<group>"; };
		2F5824D1D40E0332A6DE71B8 /* Pods-watch Extension.release.xcconfig */ = {isa = PBXFileReference; includeInIndex = 1; lastKnownFileType = text.xcconfig; name = "Pods-watch Extension.release.xcconfig"; path = "Target Support Files/Pods-watch Extension/Pods-watch Extension.release.xcconfig"; sourceTree = "<group>"; };
		4AC88B3447FB463EBF33875B /* Pods_watch_Extension.framework */ = {isa = PBXFileReference; explicitFileType = wrapper.framework; includeInIndex = 0; path = Pods_watch_Extension.framework; sourceTree = BUILT_PRODUCTS_DIR; };
		7B2E43B154DE54C4C83C567D /* Pods-watch.release.xcconfig */ = {isa = PBXFileReference; includeInIndex = 1; lastKnownFileType = text.xcconfig; name = "Pods-watch.release.xcconfig"; path = "Target Support Files/Pods-watch/Pods-watch.release.xcconfig"; sourceTree = "<group>"; };
		9270633E2C18FCAE62C2D8EF /* Pods_watch.framework */ = {isa = PBXFileReference; explicitFileType = wrapper.framework; includeInIndex = 0; path = Pods_watch.framework; sourceTree = BUILT_PRODUCTS_DIR; };
		9292AC049C34B6B3A7994727 /* Pods_schema.framework */ = {isa = PBXFileReference; explicitFileType = wrapper.framework; includeInIndex = 0; path = Pods_schema.framework; sourceTree = BUILT_PRODUCTS_DIR; };
		94E9D02046C94BF021925F46 /* Pods-schema.release.xcconfig */ = {isa = PBXFileReference; includeInIndex = 1; lastKnownFileType = text.xcconfig; name = "Pods-schema.release.xcconfig"; path = "Target Support Files/Pods-schema/Pods-schema.release.xcconfig"; sourceTree = "<group>"; };
		A0646BC516DA4CC68B71DCDD /* Pods-widgetExtension.debug.xcconfig */ = {isa = PBXFileReference; includeInIndex = 1; lastKnownFileType = text.xcconfig; name = "Pods-widgetExtension.debug.xcconfig"; path = "Target Support Files/Pods-widgetExtension/Pods-widgetExtension.debug.xcconfig"; sourceTree = "<group>"; };
		BE74C7771215BC59855F547A /* Pods-widgetExtension.release.xcconfig */ = {isa = PBXFileReference; includeInIndex = 1; lastKnownFileType = text.xcconfig; name = "Pods-widgetExtension.release.xcconfig"; path = "Target Support Files/Pods-widgetExtension/Pods-widgetExtension.release.xcconfig"; sourceTree = "<group>"; };
		FF001F0B251A6C8B0006FA84 /* Profile.swift */ = {isa = PBXFileReference; lastKnownFileType = sourcecode.swift; path = Profile.swift; sourceTree = "<group>"; };
		FF0020DF251A98210006FA84 /* widgetExtension.appex */ = {isa = PBXFileReference; explicitFileType = "wrapper.app-extension"; includeInIndex = 0; path = widgetExtension.appex; sourceTree = BUILT_PRODUCTS_DIR; };
		FF0020E3251A98210006FA84 /* widget.swift */ = {isa = PBXFileReference; lastKnownFileType = sourcecode.swift; path = widget.swift; sourceTree = "<group>"; };
		FF0020E5251A98210006FA84 /* widget.intentdefinition */ = {isa = PBXFileReference; lastKnownFileType = file.intentdefinition; path = widget.intentdefinition; sourceTree = "<group>"; };
		FF0020E6251A98210006FA84 /* Assets.xcassets */ = {isa = PBXFileReference; lastKnownFileType = folder.assetcatalog; path = Assets.xcassets; sourceTree = "<group>"; };
		FF0020E8251A98210006FA84 /* Info.plist */ = {isa = PBXFileReference; lastKnownFileType = text.plist.xml; path = Info.plist; sourceTree = "<group>"; };
		FF2035ED250AA96A00A4D6FE /* UserDefault.swift */ = {isa = PBXFileReference; lastKnownFileType = sourcecode.swift; path = UserDefault.swift; sourceTree = "<group>"; };
		FF2035EF250AAB9700A4D6FE /* UserDefaultKeys.swift */ = {isa = PBXFileReference; lastKnownFileType = sourcecode.swift; path = UserDefaultKeys.swift; sourceTree = "<group>"; };
		FF2035F1250AADA400A4D6FE /* UserSettings.swift */ = {isa = PBXFileReference; lastKnownFileType = sourcecode.swift; path = UserSettings.swift; sourceTree = "<group>"; };
		FF2035F3250AB04500A4D6FE /* SettingsView.swift */ = {isa = PBXFileReference; lastKnownFileType = sourcecode.swift; path = SettingsView.swift; sourceTree = "<group>"; };
		FF448EB923EBF66A00408A45 /* NewProfileFlowView.swift */ = {isa = PBXFileReference; lastKnownFileType = sourcecode.swift; path = NewProfileFlowView.swift; sourceTree = "<group>"; };
		FF448EBB24BF4B7600408A45 /* SchemaView.swift */ = {isa = PBXFileReference; lastKnownFileType = sourcecode.swift; path = SchemaView.swift; sourceTree = "<group>"; };
		FF5718CB24BA923800B72D62 /* Skola24Wrapper.swift */ = {isa = PBXFileReference; lastKnownFileType = sourcecode.swift; path = Skola24Wrapper.swift; sourceTree = "<group>"; };
		FF5B002924E9D02A00E2805F /* sv */ = {isa = PBXFileReference; lastKnownFileType = text.plist.strings; name = sv; path = sv.lproj/LaunchScreen.strings; sourceTree = "<group>"; };
		FF5B002A24ECF7B700E2805F /* GoogleService-Info.plist */ = {isa = PBXFileReference; fileEncoding = 4; lastKnownFileType = text.plist.xml; name = "GoogleService-Info.plist"; path = "../../GoogleService-Info.plist"; sourceTree = "<group>"; };
		FF5F81EE250555DA0014A17A /* ViewMisc.swift */ = {isa = PBXFileReference; lastKnownFileType = sourcecode.swift; path = ViewMisc.swift; sourceTree = "<group>"; };
		FF5F81F0250557290014A17A /* DomainList.swift */ = {isa = PBXFileReference; lastKnownFileType = sourcecode.swift; path = DomainList.swift; sourceTree = "<group>"; };
		FF78735B2515089E00566359 /* sv */ = {isa = PBXFileReference; lastKnownFileType = file.storyboard; name = sv; path = sv.lproj/LaunchScreen.storyboard; sourceTree = "<group>"; };
		FF78746325152DF300566359 /* TodayCardView.swift */ = {isa = PBXFileReference; lastKnownFileType = sourcecode.swift; path = TodayCardView.swift; sourceTree = "<group>"; };
		FF78753A251532DD00566359 /* DateExtensions.swift */ = {isa = PBXFileReference; lastKnownFileType = sourcecode.swift; path = DateExtensions.swift; sourceTree = "<group>"; };
		FF787558251533D300566359 /* ColorExtensions.swift */ = {isa = PBXFileReference; lastKnownFileType = sourcecode.swift; path = ColorExtensions.swift; sourceTree = "<group>"; };
		FF78756A251536C900566359 /* Skolschema.entitlements */ = {isa = PBXFileReference; lastKnownFileType = text.plist.entitlements; path = Skolschema.entitlements; sourceTree = "<group>"; };
		FF7934C924BA59A600AACE0A /* Skolschema.app */ = {isa = PBXFileReference; explicitFileType = wrapper.application; includeInIndex = 0; path = Skolschema.app; sourceTree = BUILT_PRODUCTS_DIR; };
		FF7934CC24BA59A600AACE0A /* AppDelegate.swift */ = {isa = PBXFileReference; lastKnownFileType = sourcecode.swift; path = AppDelegate.swift; sourceTree = "<group>"; };
		FF7934CE24BA59A600AACE0A /* SceneDelegate.swift */ = {isa = PBXFileReference; lastKnownFileType = sourcecode.swift; path = SceneDelegate.swift; sourceTree = "<group>"; };
		FF7934D124BA59A600AACE0A /* schema.xcdatamodel */ = {isa = PBXFileReference; lastKnownFileType = wrapper.xcdatamodel; path = schema.xcdatamodel; sourceTree = "<group>"; };
		FF7934D324BA59A600AACE0A /* ContentView.swift */ = {isa = PBXFileReference; lastKnownFileType = sourcecode.swift; path = ContentView.swift; sourceTree = "<group>"; };
		FF7934D524BA59AC00AACE0A /* Assets.xcassets */ = {isa = PBXFileReference; lastKnownFileType = folder.assetcatalog; path = Assets.xcassets; sourceTree = "<group>"; };
		FF7934D824BA59AC00AACE0A /* Preview Assets.xcassets */ = {isa = PBXFileReference; lastKnownFileType = folder.assetcatalog; path = "Preview Assets.xcassets"; sourceTree = "<group>"; };
		FF7934DD24BA59AC00AACE0A /* Info.plist */ = {isa = PBXFileReference; lastKnownFileType = text.plist.xml; path = Info.plist; sourceTree = "<group>"; };
		FF9C80DB2515419300E2F702 /* WidgetKit.framework */ = {isa = PBXFileReference; lastKnownFileType = wrapper.framework; name = WidgetKit.framework; path = System/Library/Frameworks/WidgetKit.framework; sourceTree = SDKROOT; };
		FF9C80DD2515419300E2F702 /* SwiftUI.framework */ = {isa = PBXFileReference; lastKnownFileType = wrapper.framework; name = SwiftUI.framework; path = System/Library/Frameworks/SwiftUI.framework; sourceTree = SDKROOT; };
		FF9C80F12515419C00E2F702 /* widgetExtension.entitlements */ = {isa = PBXFileReference; lastKnownFileType = text.plist.entitlements; path = widgetExtension.entitlements; sourceTree = "<group>"; };
		FF9C81572515771600E2F702 /* ProfileController.swift */ = {isa = PBXFileReference; lastKnownFileType = sourcecode.swift; path = ProfileController.swift; sourceTree = "<group>"; };
		FFA17EE824BBB4C300C383E5 /* TodayController.swift */ = {isa = PBXFileReference; lastKnownFileType = sourcecode.swift; path = TodayController.swift; sourceTree = "<group>"; };
		FFBCB636251E418A00AC1A28 /* NotificationController.swift */ = {isa = PBXFileReference; lastKnownFileType = sourcecode.swift; path = NotificationController.swift; sourceTree = "<group>"; };
		FFBCB63A251E534A00AC1A28 /* Notification.swift */ = {isa = PBXFileReference; lastKnownFileType = sourcecode.swift; path = Notification.swift; sourceTree = "<group>"; };
		FFBCB641251F9A5700AC1A28 /* PersistentRealmStack.swift */ = {isa = PBXFileReference; lastKnownFileType = sourcecode.swift; path = PersistentRealmStack.swift; sourceTree = "<group>"; };
		FFF13A2C24C597ED008F5CCD /* ProfileManagerView.swift */ = {isa = PBXFileReference; lastKnownFileType = sourcecode.swift; path = ProfileManagerView.swift; sourceTree = "<group>"; };
		FFF13A3024C59AAB008F5CCD /* WeekController.swift */ = {isa = PBXFileReference; lastKnownFileType = sourcecode.swift; path = WeekController.swift; sourceTree = "<group>"; };
		FFF13A3224C8CD26008F5CCD /* FetchError.swift */ = {isa = PBXFileReference; lastKnownFileType = sourcecode.swift; path = FetchError.swift; sourceTree = "<group>"; };
/* End PBXFileReference section */

/* Begin PBXFrameworksBuildPhase section */
		FF0020DC251A98210006FA84 /* Frameworks */ = {
			isa = PBXFrameworksBuildPhase;
			buildActionMask = 2147483647;
			files = (
				FF0020E1251A98210006FA84 /* SwiftUI.framework in Frameworks */,
				FF0020E0251A98210006FA84 /* WidgetKit.framework in Frameworks */,
				4388645EF428562D91404CB5 /* Pods_widgetExtension.framework in Frameworks */,
			);
			runOnlyForDeploymentPostprocessing = 0;
		};
		FF7934C624BA59A600AACE0A /* Frameworks */ = {
			isa = PBXFrameworksBuildPhase;
			buildActionMask = 2147483647;
			files = (
				FA53B41AD618ABB457233F61 /* Pods_schema.framework in Frameworks */,
			);
			runOnlyForDeploymentPostprocessing = 0;
		};
/* End PBXFrameworksBuildPhase section */

/* Begin PBXGroup section */
		1256C8966C2C40BE7616EB50 /* Pods */ = {
			isa = PBXGroup;
			children = (
				282FF19043FD5B3F57DEF4A5 /* Pods-schema.debug.xcconfig */,
				94E9D02046C94BF021925F46 /* Pods-schema.release.xcconfig */,
				241FEA4384DBDF8FE700778E /* Pods-watch.debug.xcconfig */,
				7B2E43B154DE54C4C83C567D /* Pods-watch.release.xcconfig */,
				0B2CDFE62826B9218A726E4E /* Pods-watch Extension.debug.xcconfig */,
				2F5824D1D40E0332A6DE71B8 /* Pods-watch Extension.release.xcconfig */,
				A0646BC516DA4CC68B71DCDD /* Pods-widgetExtension.debug.xcconfig */,
				BE74C7771215BC59855F547A /* Pods-widgetExtension.release.xcconfig */,
			);
			path = Pods;
			sourceTree = "<group>";
		};
		77F94741264FA1E268BD23BD /* Frameworks */ = {
			isa = PBXGroup;
			children = (
				FF9C80DB2515419300E2F702 /* WidgetKit.framework */,
				FF9C80DD2515419300E2F702 /* SwiftUI.framework */,
				9292AC049C34B6B3A7994727 /* Pods_schema.framework */,
				9270633E2C18FCAE62C2D8EF /* Pods_watch.framework */,
				4AC88B3447FB463EBF33875B /* Pods_watch_Extension.framework */,
				08D57F7D1876EE1E5BB2A5A3 /* Pods_widgetExtension.framework */,
			);
			name = Frameworks;
			sourceTree = "<group>";
		};
		FF0020E2251A98210006FA84 /* widget */ = {
			isa = PBXGroup;
			children = (
				FF0020E3251A98210006FA84 /* widget.swift */,
				FF0020E5251A98210006FA84 /* widget.intentdefinition */,
				FF0020E6251A98210006FA84 /* Assets.xcassets */,
				FF0020E8251A98210006FA84 /* Info.plist */,
			);
			path = widget;
			sourceTree = "<group>";
		};
		FF5F81EC250555010014A17A /* Views */ = {
			isa = PBXGroup;
			children = (
				FF7934D324BA59A600AACE0A /* ContentView.swift */,
				FF448EB923EBF66A00408A45 /* NewProfileFlowView.swift */,
				FF448EBB24BF4B7600408A45 /* SchemaView.swift */,
				FFF13A2C24C597ED008F5CCD /* ProfileManagerView.swift */,
				FF5F81EE250555DA0014A17A /* ViewMisc.swift */,
				FF2035F3250AB04500A4D6FE /* SettingsView.swift */,
				FF78746325152DF300566359 /* TodayCardView.swift */,
			);
			path = Views;
			sourceTree = "<group>";
		};
		FF5F81ED2505551F0014A17A /* Models */ = {
			isa = PBXGroup;
			children = (
				FF5718CB24BA923800B72D62 /* Skola24Wrapper.swift */,
				FF001F0B251A6C8B0006FA84 /* Profile.swift */,
				FFF13A3224C8CD26008F5CCD /* FetchError.swift */,
				FF5F81F0250557290014A17A /* DomainList.swift */,
				FF2035ED250AA96A00A4D6FE /* UserDefault.swift */,
				FF2035EF250AAB9700A4D6FE /* UserDefaultKeys.swift */,
				FF2035F1250AADA400A4D6FE /* UserSettings.swift */,
				FF78753A251532DD00566359 /* DateExtensions.swift */,
				FF787558251533D300566359 /* ColorExtensions.swift */,
				FFBCB63A251E534A00AC1A28 /* Notification.swift */,
			);
			path = Models;
			sourceTree = "<group>";
		};
		FF7934C024BA59A600AACE0A = {
			isa = PBXGroup;
			children = (
				FF9C80F12515419C00E2F702 /* widgetExtension.entitlements */,
				FF7934CB24BA59A600AACE0A /* schema */,
				FF0020E2251A98210006FA84 /* widget */,
				FF7934CA24BA59A600AACE0A /* Products */,
				1256C8966C2C40BE7616EB50 /* Pods */,
				77F94741264FA1E268BD23BD /* Frameworks */,
			);
			sourceTree = "<group>";
		};
		FF7934CA24BA59A600AACE0A /* Products */ = {
			isa = PBXGroup;
			children = (
				FF7934C924BA59A600AACE0A /* Skolschema.app */,
				FF0020DF251A98210006FA84 /* widgetExtension.appex */,
			);
			name = Products;
			sourceTree = "<group>";
		};
		FF7934CB24BA59A600AACE0A /* schema */ = {
			isa = PBXGroup;
			children = (
				FFBCB641251F9A5700AC1A28 /* PersistentRealmStack.swift */,
				FF78756A251536C900566359 /* Skolschema.entitlements */,
				FF5F81ED2505551F0014A17A /* Models */,
				FF5F81EC250555010014A17A /* Views */,
				FF5B002A24ECF7B700E2805F /* GoogleService-Info.plist */,
				FFF13A2B24C597B1008F5CCD /* Controllers */,
				FF7934CC24BA59A600AACE0A /* AppDelegate.swift */,
				FF7934CE24BA59A600AACE0A /* SceneDelegate.swift */,
				FF7934D524BA59AC00AACE0A /* Assets.xcassets */,
				FF7934DA24BA59AC00AACE0A /* LaunchScreen.storyboard */,
				FF7934DD24BA59AC00AACE0A /* Info.plist */,
				FF7934D024BA59A600AACE0A /* schema.xcdatamodeld */,
				FF7934D724BA59AC00AACE0A /* Preview Content */,
			);
			path = schema;
			sourceTree = "<group>";
		};
		FF7934D724BA59AC00AACE0A /* Preview Content */ = {
			isa = PBXGroup;
			children = (
				FF7934D824BA59AC00AACE0A /* Preview Assets.xcassets */,
			);
			path = "Preview Content";
			sourceTree = "<group>";
		};
		FFF13A2B24C597B1008F5CCD /* Controllers */ = {
			isa = PBXGroup;
			children = (
				FF9C81572515771600E2F702 /* ProfileController.swift */,
				FFA17EE824BBB4C300C383E5 /* TodayController.swift */,
				FFF13A3024C59AAB008F5CCD /* WeekController.swift */,
				FFBCB636251E418A00AC1A28 /* NotificationController.swift */,
			);
			path = Controllers;
			sourceTree = "<group>";
		};
/* End PBXGroup section */

/* Begin PBXNativeTarget section */
		FF0020DE251A98210006FA84 /* widgetExtension */ = {
			isa = PBXNativeTarget;
			buildConfigurationList = FF0020EE251A98210006FA84 /* Build configuration list for PBXNativeTarget "widgetExtension" */;
			buildPhases = (
				430DEA09635CFE4C3CF86891 /* [CP] Check Pods Manifest.lock */,
				FF0020DB251A98210006FA84 /* Sources */,
				FF0020DC251A98210006FA84 /* Frameworks */,
				FF0020DD251A98210006FA84 /* Resources */,
			);
			buildRules = (
			);
			dependencies = (
			);
			name = widgetExtension;
			productName = widgetExtension;
			productReference = FF0020DF251A98210006FA84 /* widgetExtension.appex */;
			productType = "com.apple.product-type.app-extension";
		};
		FF7934C824BA59A600AACE0A /* schema */ = {
			isa = PBXNativeTarget;
			buildConfigurationList = FF7934F624BA59AC00AACE0A /* Build configuration list for PBXNativeTarget "schema" */;
			buildPhases = (
				917507F7511F5EF9AB7D2A2D /* [CP] Check Pods Manifest.lock */,
				FF7934C524BA59A600AACE0A /* Sources */,
				FF7934C624BA59A600AACE0A /* Frameworks */,
				FF7934C724BA59A600AACE0A /* Resources */,
				FF78738A2515278D00566359 /* Embed Watch Content */,
				FF9C80EB2515419500E2F702 /* Embed App Extensions */,
				FFFFF9CC25192021000E5D3D /* Embed Frameworks */,
				669BDF20A6D02FDDE2E6F339 /* [CP] Embed Pods Frameworks */,
			);
			buildRules = (
			);
			dependencies = (
				FF0020EC251A98210006FA84 /* PBXTargetDependency */,
			);
			name = schema;
			productName = schema;
			productReference = FF7934C924BA59A600AACE0A /* Skolschema.app */;
			productType = "com.apple.product-type.application";
		};
/* End PBXNativeTarget section */

/* Begin PBXProject section */
		FF7934C124BA59A600AACE0A /* Project object */ = {
			isa = PBXProject;
			attributes = {
				LastSwiftUpdateCheck = 1200;
				LastUpgradeCheck = 1200;
				ORGANIZATIONNAME = "Victor Forsgren";
				TargetAttributes = {
					FF0020DE251A98210006FA84 = {
						CreatedOnToolsVersion = 12.0;
					};
					FF7934C824BA59A600AACE0A = {
						CreatedOnToolsVersion = 11.5;
					};
				};
			};
			buildConfigurationList = FF7934C424BA59A600AACE0A /* Build configuration list for PBXProject "schema" */;
			compatibilityVersion = "Xcode 9.3";
			developmentRegion = en;
			hasScannedForEncodings = 0;
			knownRegions = (
				en,
				sv,
			);
			mainGroup = FF7934C024BA59A600AACE0A;
			productRefGroup = FF7934CA24BA59A600AACE0A /* Products */;
			projectDirPath = "";
			projectRoot = "";
			targets = (
				FF7934C824BA59A600AACE0A /* schema */,
				FF0020DE251A98210006FA84 /* widgetExtension */,
			);
		};
/* End PBXProject section */

/* Begin PBXResourcesBuildPhase section */
		FF0020DD251A98210006FA84 /* Resources */ = {
			isa = PBXResourcesBuildPhase;
			buildActionMask = 2147483647;
			files = (
				FF0020E7251A98210006FA84 /* Assets.xcassets in Resources */,
			);
			runOnlyForDeploymentPostprocessing = 0;
		};
		FF7934C724BA59A600AACE0A /* Resources */ = {
			isa = PBXResourcesBuildPhase;
			buildActionMask = 2147483647;
			files = (
				FF7934DC24BA59AC00AACE0A /* LaunchScreen.storyboard in Resources */,
				FF5B002B24ECF7B700E2805F /* GoogleService-Info.plist in Resources */,
				FF7934D924BA59AC00AACE0A /* Preview Assets.xcassets in Resources */,
				FF7934D624BA59AC00AACE0A /* Assets.xcassets in Resources */,
			);
			runOnlyForDeploymentPostprocessing = 0;
		};
/* End PBXResourcesBuildPhase section */

/* Begin PBXShellScriptBuildPhase section */
		430DEA09635CFE4C3CF86891 /* [CP] Check Pods Manifest.lock */ = {
			isa = PBXShellScriptBuildPhase;
			buildActionMask = 2147483647;
			files = (
			);
			inputFileListPaths = (
			);
			inputPaths = (
				"${PODS_PODFILE_DIR_PATH}/Podfile.lock",
				"${PODS_ROOT}/Manifest.lock",
			);
			name = "[CP] Check Pods Manifest.lock";
			outputFileListPaths = (
			);
			outputPaths = (
				"$(DERIVED_FILE_DIR)/Pods-widgetExtension-checkManifestLockResult.txt",
			);
			runOnlyForDeploymentPostprocessing = 0;
			shellPath = /bin/sh;
			shellScript = "diff \"${PODS_PODFILE_DIR_PATH}/Podfile.lock\" \"${PODS_ROOT}/Manifest.lock\" > /dev/null\nif [ $? != 0 ] ; then\n    # print error to STDERR\n    echo \"error: The sandbox is not in sync with the Podfile.lock. Run 'pod install' or update your CocoaPods installation.\" >&2\n    exit 1\nfi\n# This output is used by Xcode 'outputs' to avoid re-running this script phase.\necho \"SUCCESS\" > \"${SCRIPT_OUTPUT_FILE_0}\"\n";
			showEnvVarsInLog = 0;
		};
		669BDF20A6D02FDDE2E6F339 /* [CP] Embed Pods Frameworks */ = {
			isa = PBXShellScriptBuildPhase;
			buildActionMask = 2147483647;
			files = (
			);
			inputFileListPaths = (
				"${PODS_ROOT}/Target Support Files/Pods-schema/Pods-schema-frameworks-${CONFIGURATION}-input-files.xcfilelist",
			);
			name = "[CP] Embed Pods Frameworks";
			outputFileListPaths = (
				"${PODS_ROOT}/Target Support Files/Pods-schema/Pods-schema-frameworks-${CONFIGURATION}-output-files.xcfilelist",
			);
			runOnlyForDeploymentPostprocessing = 0;
			shellPath = /bin/sh;
			shellScript = "\"${PODS_ROOT}/Target Support Files/Pods-schema/Pods-schema-frameworks.sh\"\n";
			showEnvVarsInLog = 0;
		};
		917507F7511F5EF9AB7D2A2D /* [CP] Check Pods Manifest.lock */ = {
			isa = PBXShellScriptBuildPhase;
			buildActionMask = 2147483647;
			files = (
			);
			inputFileListPaths = (
			);
			inputPaths = (
				"${PODS_PODFILE_DIR_PATH}/Podfile.lock",
				"${PODS_ROOT}/Manifest.lock",
			);
			name = "[CP] Check Pods Manifest.lock";
			outputFileListPaths = (
			);
			outputPaths = (
				"$(DERIVED_FILE_DIR)/Pods-schema-checkManifestLockResult.txt",
			);
			runOnlyForDeploymentPostprocessing = 0;
			shellPath = /bin/sh;
			shellScript = "diff \"${PODS_PODFILE_DIR_PATH}/Podfile.lock\" \"${PODS_ROOT}/Manifest.lock\" > /dev/null\nif [ $? != 0 ] ; then\n    # print error to STDERR\n    echo \"error: The sandbox is not in sync with the Podfile.lock. Run 'pod install' or update your CocoaPods installation.\" >&2\n    exit 1\nfi\n# This output is used by Xcode 'outputs' to avoid re-running this script phase.\necho \"SUCCESS\" > \"${SCRIPT_OUTPUT_FILE_0}\"\n";
			showEnvVarsInLog = 0;
		};
/* End PBXShellScriptBuildPhase section */

/* Begin PBXSourcesBuildPhase section */
		FF0020DB251A98210006FA84 /* Sources */ = {
			isa = PBXSourcesBuildPhase;
			buildActionMask = 2147483647;
			files = (
				FF0020FA251A98210006FA84 /* ColorExtensions.swift in Sources */,
				FF0020E9251A98210006FA84 /* widget.intentdefinition in Sources */,
				FFBCB5F0251DC0A100AC1A28 /* TodayCardView.swift in Sources */,
				FF0020F5251A98210006FA84 /* Profile.swift in Sources */,
				FF0020E4251A98210006FA84 /* widget.swift in Sources */,
				FF0020F4251A98210006FA84 /* UserDefault.swift in Sources */,
				FF0020FD251A98210006FA84 /* ProfileController.swift in Sources */,
				FF0020FC251A98210006FA84 /* TodayController.swift in Sources */,
				FF0020F8251A98210006FA84 /* UserSettings.swift in Sources */,
				FF0020F2251A98210006FA84 /* DateExtensions.swift in Sources */,
				FF0020F6251A98210006FA84 /* UserDefaultKeys.swift in Sources */,
				FFBCB63D251F99A300AC1A28 /* Notification.swift in Sources */,
				FFBCB649251F9ACF00AC1A28 /* NotificationController.swift in Sources */,
				FF0020F3251A98210006FA84 /* DomainList.swift in Sources */,
				FFBCB646251F9A8100AC1A28 /* PersistentRealmStack.swift in Sources */,
				FF0020F9251A98210006FA84 /* Skola24Wrapper.swift in Sources */,
				FF0020F7251A98210006FA84 /* FetchError.swift in Sources */,
			);
			runOnlyForDeploymentPostprocessing = 0;
		};
		FF7934C524BA59A600AACE0A /* Sources */ = {
			isa = PBXSourcesBuildPhase;
			buildActionMask = 2147483647;
			files = (
				FFBCB637251E418A00AC1A28 /* NotificationController.swift in Sources */,
				FFFFF9DA251920B0000E5D3D /* ProfileController.swift in Sources */,
				FF2035F0250AAB9700A4D6FE /* UserDefaultKeys.swift in Sources */,
				FF78753B251532DD00566359 /* DateExtensions.swift in Sources */,
				FF448EBA23EBF66A00408A45 /* NewProfileFlowView.swift in Sources */,
				FF7934CD24BA59A600AACE0A /* AppDelegate.swift in Sources */,
				FF2035F4250AB04500A4D6FE /* SettingsView.swift in Sources */,
				FFBCB642251F9A5700AC1A28 /* PersistentRealmStack.swift in Sources */,
				FFF13A2D24C597ED008F5CCD /* ProfileManagerView.swift in Sources */,
				FF2035EE250AA96A00A4D6FE /* UserDefault.swift in Sources */,
				FF7934CF24BA59A600AACE0A /* SceneDelegate.swift in Sources */,
				FFA17EE924BBB4C300C383E5 /* TodayController.swift in Sources */,
				FFF13A3124C59AAB008F5CCD /* WeekController.swift in Sources */,
				FF7934D424BA59A600AACE0A /* ContentView.swift in Sources */,
				FF0020EA251A98210006FA84 /* widget.intentdefinition in Sources */,
				FF5718CC24BA923800B72D62 /* Skola24Wrapper.swift in Sources */,
				FF5F81EF250555DA0014A17A /* ViewMisc.swift in Sources */,
				FFBCB63B251E534A00AC1A28 /* Notification.swift in Sources */,
				FF7934D224BA59A600AACE0A /* schema.xcdatamodeld in Sources */,
				FF001F0C251A6C8B0006FA84 /* Profile.swift in Sources */,
				FF448EBC24BF4B7600408A45 /* SchemaView.swift in Sources */,
				FFF13A3324C8CD26008F5CCD /* FetchError.swift in Sources */,
				FF5F81F1250557290014A17A /* DomainList.swift in Sources */,
				FF78746425152DF300566359 /* TodayCardView.swift in Sources */,
				FF2035F2250AADA400A4D6FE /* UserSettings.swift in Sources */,
				FF787559251533D300566359 /* ColorExtensions.swift in Sources */,
			);
			runOnlyForDeploymentPostprocessing = 0;
		};
/* End PBXSourcesBuildPhase section */

/* Begin PBXTargetDependency section */
		FF0020EC251A98210006FA84 /* PBXTargetDependency */ = {
			isa = PBXTargetDependency;
			target = FF0020DE251A98210006FA84 /* widgetExtension */;
			targetProxy = FF0020EB251A98210006FA84 /* PBXContainerItemProxy */;
		};
/* End PBXTargetDependency section */

/* Begin PBXVariantGroup section */
		FF7934DA24BA59AC00AACE0A /* LaunchScreen.storyboard */ = {
			isa = PBXVariantGroup;
			children = (
				FF5B002924E9D02A00E2805F /* sv */,
				FF78735B2515089E00566359 /* sv */,
			);
			name = LaunchScreen.storyboard;
			sourceTree = "<group>";
		};
/* End PBXVariantGroup section */

/* Begin XCBuildConfiguration section */
		FF0020EF251A98210006FA84 /* Debug */ = {
			isa = XCBuildConfiguration;
			baseConfigurationReference = A0646BC516DA4CC68B71DCDD /* Pods-widgetExtension.debug.xcconfig */;
			buildSettings = {
				ASSETCATALOG_COMPILER_GLOBAL_ACCENT_COLOR_NAME = AccentColor;
				ASSETCATALOG_COMPILER_WIDGET_BACKGROUND_COLOR_NAME = WidgetBackground;
				CODE_SIGN_ENTITLEMENTS = widgetExtension.entitlements;
				CODE_SIGN_STYLE = Automatic;
				CURRENT_PROJECT_VERSION = 1;
				DEVELOPMENT_TEAM = 3B37CNMVH7;
				INFOPLIST_FILE = widget/Info.plist;
				LD_RUNPATH_SEARCH_PATHS = (
					"$(inherited)",
					"@executable_path/Frameworks",
					"@executable_path/../../Frameworks",
				);
				MARKETING_VERSION = 2.18.1;
				PRODUCT_BUNDLE_IDENTIFIER = com.victorforsgren.dittskolschema.widget;
				PRODUCT_NAME = "$(TARGET_NAME)";
				SKIP_INSTALL = YES;
				SWIFT_VERSION = 5.0;
				TARGETED_DEVICE_FAMILY = 1;
			};
			name = Debug;
		};
		FF0020F0251A98210006FA84 /* Release */ = {
			isa = XCBuildConfiguration;
			baseConfigurationReference = BE74C7771215BC59855F547A /* Pods-widgetExtension.release.xcconfig */;
			buildSettings = {
				ASSETCATALOG_COMPILER_GLOBAL_ACCENT_COLOR_NAME = AccentColor;
				ASSETCATALOG_COMPILER_WIDGET_BACKGROUND_COLOR_NAME = WidgetBackground;
				CODE_SIGN_ENTITLEMENTS = widgetExtension.entitlements;
				CODE_SIGN_STYLE = Automatic;
				CURRENT_PROJECT_VERSION = 1;
				DEVELOPMENT_TEAM = 3B37CNMVH7;
				INFOPLIST_FILE = widget/Info.plist;
				LD_RUNPATH_SEARCH_PATHS = (
					"$(inherited)",
					"@executable_path/Frameworks",
					"@executable_path/../../Frameworks",
				);
				MARKETING_VERSION = 2.18.1;
				PRODUCT_BUNDLE_IDENTIFIER = com.victorforsgren.dittskolschema.widget;
				PRODUCT_NAME = "$(TARGET_NAME)";
				SKIP_INSTALL = YES;
				SWIFT_VERSION = 5.0;
				TARGETED_DEVICE_FAMILY = 1;
			};
			name = Release;
		};
		FF7934F424BA59AC00AACE0A /* Debug */ = {
			isa = XCBuildConfiguration;
			buildSettings = {
				ALWAYS_SEARCH_USER_PATHS = NO;
				CLANG_ANALYZER_LOCALIZABILITY_NONLOCALIZED = YES;
				CLANG_ANALYZER_NONNULL = YES;
				CLANG_ANALYZER_NUMBER_OBJECT_CONVERSION = YES_AGGRESSIVE;
				CLANG_CXX_LANGUAGE_STANDARD = "gnu++14";
				CLANG_CXX_LIBRARY = "libc++";
				CLANG_ENABLE_MODULES = YES;
				CLANG_ENABLE_OBJC_ARC = YES;
				CLANG_ENABLE_OBJC_WEAK = YES;
				CLANG_WARN_BLOCK_CAPTURE_AUTORELEASING = YES;
				CLANG_WARN_BOOL_CONVERSION = YES;
				CLANG_WARN_COMMA = YES;
				CLANG_WARN_CONSTANT_CONVERSION = YES;
				CLANG_WARN_DEPRECATED_OBJC_IMPLEMENTATIONS = YES;
				CLANG_WARN_DIRECT_OBJC_ISA_USAGE = YES_ERROR;
				CLANG_WARN_DOCUMENTATION_COMMENTS = YES;
				CLANG_WARN_EMPTY_BODY = YES;
				CLANG_WARN_ENUM_CONVERSION = YES;
				CLANG_WARN_INFINITE_RECURSION = YES;
				CLANG_WARN_INT_CONVERSION = YES;
				CLANG_WARN_NON_LITERAL_NULL_CONVERSION = YES;
				CLANG_WARN_OBJC_IMPLICIT_RETAIN_SELF = YES;
				CLANG_WARN_OBJC_LITERAL_CONVERSION = YES;
				CLANG_WARN_OBJC_ROOT_CLASS = YES_ERROR;
				CLANG_WARN_QUOTED_INCLUDE_IN_FRAMEWORK_HEADER = YES;
				CLANG_WARN_RANGE_LOOP_ANALYSIS = YES;
				CLANG_WARN_STRICT_PROTOTYPES = YES;
				CLANG_WARN_SUSPICIOUS_MOVE = YES;
				CLANG_WARN_UNGUARDED_AVAILABILITY = YES_AGGRESSIVE;
				CLANG_WARN_UNREACHABLE_CODE = YES;
				CLANG_WARN__DUPLICATE_METHOD_MATCH = YES;
				COPY_PHASE_STRIP = NO;
				DEBUG_INFORMATION_FORMAT = dwarf;
				ENABLE_STRICT_OBJC_MSGSEND = YES;
				ENABLE_TESTABILITY = YES;
				GCC_C_LANGUAGE_STANDARD = gnu11;
				GCC_DYNAMIC_NO_PIC = NO;
				GCC_NO_COMMON_BLOCKS = YES;
				GCC_OPTIMIZATION_LEVEL = 0;
				GCC_PREPROCESSOR_DEFINITIONS = (
					"DEBUG=1",
					"$(inherited)",
				);
				GCC_WARN_64_TO_32_BIT_CONVERSION = YES;
				GCC_WARN_ABOUT_RETURN_TYPE = YES_ERROR;
				GCC_WARN_UNDECLARED_SELECTOR = YES;
				GCC_WARN_UNINITIALIZED_AUTOS = YES_AGGRESSIVE;
				GCC_WARN_UNUSED_FUNCTION = YES;
				GCC_WARN_UNUSED_VARIABLE = YES;
				IPHONEOS_DEPLOYMENT_TARGET = 14.0;
				MTL_ENABLE_DEBUG_INFO = INCLUDE_SOURCE;
				MTL_FAST_MATH = YES;
				ONLY_ACTIVE_ARCH = YES;
				SDKROOT = iphoneos;
				SWIFT_ACTIVE_COMPILATION_CONDITIONS = DEBUG;
				SWIFT_OPTIMIZATION_LEVEL = "-Onone";
			};
			name = Debug;
		};
		FF7934F524BA59AC00AACE0A /* Release */ = {
			isa = XCBuildConfiguration;
			buildSettings = {
				ALWAYS_SEARCH_USER_PATHS = NO;
				CLANG_ANALYZER_LOCALIZABILITY_NONLOCALIZED = YES;
				CLANG_ANALYZER_NONNULL = YES;
				CLANG_ANALYZER_NUMBER_OBJECT_CONVERSION = YES_AGGRESSIVE;
				CLANG_CXX_LANGUAGE_STANDARD = "gnu++14";
				CLANG_CXX_LIBRARY = "libc++";
				CLANG_ENABLE_MODULES = YES;
				CLANG_ENABLE_OBJC_ARC = YES;
				CLANG_ENABLE_OBJC_WEAK = YES;
				CLANG_WARN_BLOCK_CAPTURE_AUTORELEASING = YES;
				CLANG_WARN_BOOL_CONVERSION = YES;
				CLANG_WARN_COMMA = YES;
				CLANG_WARN_CONSTANT_CONVERSION = YES;
				CLANG_WARN_DEPRECATED_OBJC_IMPLEMENTATIONS = YES;
				CLANG_WARN_DIRECT_OBJC_ISA_USAGE = YES_ERROR;
				CLANG_WARN_DOCUMENTATION_COMMENTS = YES;
				CLANG_WARN_EMPTY_BODY = YES;
				CLANG_WARN_ENUM_CONVERSION = YES;
				CLANG_WARN_INFINITE_RECURSION = YES;
				CLANG_WARN_INT_CONVERSION = YES;
				CLANG_WARN_NON_LITERAL_NULL_CONVERSION = YES;
				CLANG_WARN_OBJC_IMPLICIT_RETAIN_SELF = YES;
				CLANG_WARN_OBJC_LITERAL_CONVERSION = YES;
				CLANG_WARN_OBJC_ROOT_CLASS = YES_ERROR;
				CLANG_WARN_QUOTED_INCLUDE_IN_FRAMEWORK_HEADER = YES;
				CLANG_WARN_RANGE_LOOP_ANALYSIS = YES;
				CLANG_WARN_STRICT_PROTOTYPES = YES;
				CLANG_WARN_SUSPICIOUS_MOVE = YES;
				CLANG_WARN_UNGUARDED_AVAILABILITY = YES_AGGRESSIVE;
				CLANG_WARN_UNREACHABLE_CODE = YES;
				CLANG_WARN__DUPLICATE_METHOD_MATCH = YES;
				COPY_PHASE_STRIP = NO;
				DEBUG_INFORMATION_FORMAT = "dwarf-with-dsym";
				ENABLE_NS_ASSERTIONS = NO;
				ENABLE_STRICT_OBJC_MSGSEND = YES;
				GCC_C_LANGUAGE_STANDARD = gnu11;
				GCC_NO_COMMON_BLOCKS = YES;
				GCC_WARN_64_TO_32_BIT_CONVERSION = YES;
				GCC_WARN_ABOUT_RETURN_TYPE = YES_ERROR;
				GCC_WARN_UNDECLARED_SELECTOR = YES;
				GCC_WARN_UNINITIALIZED_AUTOS = YES_AGGRESSIVE;
				GCC_WARN_UNUSED_FUNCTION = YES;
				GCC_WARN_UNUSED_VARIABLE = YES;
				IPHONEOS_DEPLOYMENT_TARGET = 14.0;
				MTL_ENABLE_DEBUG_INFO = NO;
				MTL_FAST_MATH = YES;
				SDKROOT = iphoneos;
				SWIFT_COMPILATION_MODE = wholemodule;
				SWIFT_OPTIMIZATION_LEVEL = "-O";
				VALIDATE_PRODUCT = YES;
			};
			name = Release;
		};
		FF7934F724BA59AC00AACE0A /* Debug */ = {
			isa = XCBuildConfiguration;
			baseConfigurationReference = 282FF19043FD5B3F57DEF4A5 /* Pods-schema.debug.xcconfig */;
			buildSettings = {
				ALWAYS_EMBED_SWIFT_STANDARD_LIBRARIES = YES;
				ASSETCATALOG_COMPILER_APPICON_NAME = AppIcon;
				CODE_SIGN_ENTITLEMENTS = schema/Skolschema.entitlements;
				CODE_SIGN_STYLE = Automatic;
				CURRENT_PROJECT_VERSION = 1;
				DEVELOPMENT_ASSET_PATHS = "\"schema/Preview Content\"";
				DEVELOPMENT_TEAM = 3B37CNMVH7;
				ENABLE_PREVIEWS = YES;
				INFOPLIST_FILE = schema/Info.plist;
				IPHONEOS_DEPLOYMENT_TARGET = 14.0;
				LD_RUNPATH_SEARCH_PATHS = (
					"$(inherited)",
					"@executable_path/Frameworks",
				);
				MARKETING_VERSION = 2.18.1;
				PRODUCT_BUNDLE_IDENTIFIER = com.victorforsgren.dittskolschema;
				PRODUCT_NAME = Skolschema;
				SWIFT_VERSION = 5.0;
				TARGETED_DEVICE_FAMILY = 1;
			};
			name = Debug;
		};
		FF7934F824BA59AC00AACE0A /* Release */ = {
			isa = XCBuildConfiguration;
			baseConfigurationReference = 94E9D02046C94BF021925F46 /* Pods-schema.release.xcconfig */;
			buildSettings = {
				ALWAYS_EMBED_SWIFT_STANDARD_LIBRARIES = YES;
				ASSETCATALOG_COMPILER_APPICON_NAME = AppIcon;
				CODE_SIGN_ENTITLEMENTS = schema/Skolschema.entitlements;
				CODE_SIGN_STYLE = Automatic;
				CURRENT_PROJECT_VERSION = 1;
				DEVELOPMENT_ASSET_PATHS = "\"schema/Preview Content\"";
				DEVELOPMENT_TEAM = 3B37CNMVH7;
				ENABLE_PREVIEWS = YES;
				INFOPLIST_FILE = schema/Info.plist;
				IPHONEOS_DEPLOYMENT_TARGET = 14.0;
				LD_RUNPATH_SEARCH_PATHS = (
					"$(inherited)",
					"@executable_path/Frameworks",
				);
				MARKETING_VERSION = 2.18.1;
				PRODUCT_BUNDLE_IDENTIFIER = com.victorforsgren.dittskolschema;
				PRODUCT_NAME = Skolschema;
				SWIFT_VERSION = 5.0;
				TARGETED_DEVICE_FAMILY = 1;
			};
			name = Release;
		};
/* End XCBuildConfiguration section */

/* Begin XCConfigurationList section */
		FF0020EE251A98210006FA84 /* Build configuration list for PBXNativeTarget "widgetExtension" */ = {
			isa = XCConfigurationList;
			buildConfigurations = (
				FF0020EF251A98210006FA84 /* Debug */,
				FF0020F0251A98210006FA84 /* Release */,
			);
			defaultConfigurationIsVisible = 0;
			defaultConfigurationName = Release;
		};
		FF7934C424BA59A600AACE0A /* Build configuration list for PBXProject "schema" */ = {
			isa = XCConfigurationList;
			buildConfigurations = (
				FF7934F424BA59AC00AACE0A /* Debug */,
				FF7934F524BA59AC00AACE0A /* Release */,
			);
			defaultConfigurationIsVisible = 0;
			defaultConfigurationName = Release;
		};
		FF7934F624BA59AC00AACE0A /* Build configuration list for PBXNativeTarget "schema" */ = {
			isa = XCConfigurationList;
			buildConfigurations = (
				FF7934F724BA59AC00AACE0A /* Debug */,
				FF7934F824BA59AC00AACE0A /* Release */,
			);
			defaultConfigurationIsVisible = 0;
			defaultConfigurationName = Release;
		};
/* End XCConfigurationList section */

/* Begin XCVersionGroup section */
		FF7934D024BA59A600AACE0A /* schema.xcdatamodeld */ = {
			isa = XCVersionGroup;
			children = (
				FF7934D124BA59A600AACE0A /* schema.xcdatamodel */,
			);
			currentVersion = FF7934D124BA59A600AACE0A /* schema.xcdatamodel */;
			path = schema.xcdatamodeld;
			sourceTree = "<group>";
			versionGroupType = wrapper.xcdatamodel;
		};
/* End XCVersionGroup section */
	};
	rootObject = FF7934C124BA59A600AACE0A /* Project object */;
}
